
Microsoft Visual Studio Solution File, Format Version 12.00
# Visual Studio 15
VisualStudioVersion = 15.0.27428.2037
MinimumVisualStudioVersion = 10.0.40219.1
Project("{9A19103F-16F7-4668-BE54-9A1E7A4F7556}") = "DSoft.AgileSprinter.Web", "DSoft.AgileSprinter.Web\DSoft.AgileSprinter.Web.csproj", "{7F81F30B-B429-47F2-B024-DE8105D12564}"
EndProject
Project("{9A19103F-16F7-4668-BE54-9A1E7A4F7556}") = "DSoft.AgileSprinter.Data", "DSoft.AgileSprinter.Data\DSoft.AgileSprinter.Data.csproj", "{B72A9837-AF6F-40CF-B869-B0956071BE48}"
EndProject
Project("{9A19103F-16F7-4668-BE54-9A1E7A4F7556}") = "DSoft.AgileSprinter.Tests", "DSoft.AgileSprinter.Tests\DSoft.AgileSprinter.Tests.csproj", "{B1998E89-E66B-4218-B344-20FA45CBF767}"
EndProject
Project("{FAE04EC0-301F-11D3-BF4B-00C04F79EFBC}") = "DSoft.AgileSprinter.Unit.Tests", "DSoft.AgileSprinter.Unit.Tests\DSoft.AgileSprinter.Unit.Tests.csproj", "{DE8688DC-9BFE-4D63-96EF-67FE3EA8A07F}"
EndProject
Global
	GlobalSection(SolutionConfigurationPlatforms) = preSolution
		Debug|Any CPU = Debug|Any CPU
		Release|Any CPU = Release|Any CPU
	EndGlobalSection
	GlobalSection(ProjectConfigurationPlatforms) = postSolution
		{7F81F30B-B429-47F2-B024-DE8105D12564}.Debug|Any CPU.ActiveCfg = Debug|Any CPU
		{7F81F30B-B429-47F2-B024-DE8105D12564}.Debug|Any CPU.Build.0 = Debug|Any CPU
		{7F81F30B-B429-47F2-B024-DE8105D12564}.Release|Any CPU.ActiveCfg = Release|Any CPU
		{7F81F30B-B429-47F2-B024-DE8105D12564}.Release|Any CPU.Build.0 = Release|Any CPU
		{B72A9837-AF6F-40CF-B869-B0956071BE48}.Debug|Any CPU.ActiveCfg = Debug|Any CPU
		{B72A9837-AF6F-40CF-B869-B0956071BE48}.Debug|Any CPU.Build.0 = Debug|Any CPU
		{B72A9837-AF6F-40CF-B869-B0956071BE48}.Release|Any CPU.ActiveCfg = Release|Any CPU
		{B72A9837-AF6F-40CF-B869-B0956071BE48}.Release|Any CPU.Build.0 = Release|Any CPU
		{B1998E89-E66B-4218-B344-20FA45CBF767}.Debug|Any CPU.ActiveCfg = Debug|Any CPU
		{B1998E89-E66B-4218-B344-20FA45CBF767}.Debug|Any CPU.Build.0 = Debug|Any CPU
		{B1998E89-E66B-4218-B344-20FA45CBF767}.Release|Any CPU.ActiveCfg = Release|Any CPU
		{B1998E89-E66B-4218-B344-20FA45CBF767}.Release|Any CPU.Build.0 = Release|Any CPU
		{DE8688DC-9BFE-4D63-96EF-67FE3EA8A07F}.Debug|Any CPU.ActiveCfg = Debug|Any CPU
		{DE8688DC-9BFE-4D63-96EF-67FE3EA8A07F}.Debug|Any CPU.Build.0 = Debug|Any CPU
		{DE8688DC-9BFE-4D63-96EF-67FE3EA8A07F}.Release|Any CPU.ActiveCfg = Release|Any CPU
		{DE8688DC-9BFE-4D63-96EF-67FE3EA8A07F}.Release|Any CPU.Build.0 = Release|Any CPU
	EndGlobalSection
	GlobalSection(SolutionProperties) = preSolution
		HideSolutionNode = FALSE
	EndGlobalSection
	GlobalSection(ExtensibilityGlobals) = postSolution
		SolutionGuid = {81CC367B-190A-4EC9-BE36-DEDFC839C800}
	EndGlobalSection
EndGlobal
